<?xml version="1.0" encoding="UTF-8"?>
<CodeBlocks_project_file>
	<FileVersion major="1" minor="6"/>
	<Project>
		<Option title="gtest"/>
		<Option makefile_is_custom="1"/>
		<Option compiler="gcc"/>
		<Option virtualFolders="CMake Files\;CMake Files\project\;CMake Files\project\tests\;CMake Files\project\tests\lib\;CMake Files\project\tests\lib\googletest\;CMake Files\project\tests\lib\googletest\googlemock\;CMake Files\project\tests\lib\googletest\googlemock\cmake\;CMake Files\project\tests\lib\googletest\googletest\;CMake Files\project\tests\lib\googletest\googletest\cmake\;"/>
		<Build>
			<Target title="all">
				<Option working_dir="/home/dellvin/Desktop/iz2-branchForTest 2/project/tests/lib/googletest/googletest"/>
				<Option type="4"/>
				<MakeCommands>
					<Build command="/usr/bin/make -f &quot;/home/dellvin/Desktop/iz2-branchForTest\ 2/project/tests/lib/googletest/googletest/Makefile&quot;  VERBOSE=1 all"/>
					<CompileFile command="/usr/bin/make -f &quot;/home/dellvin/Desktop/iz2-branchForTest\ 2/project/tests/lib/googletest/googletest/Makefile&quot;  VERBOSE=1 &quot;$file&quot;"/>
					<Clean command="/usr/bin/make -f &quot;/home/dellvin/Desktop/iz2-branchForTest\ 2/project/tests/lib/googletest/googletest/Makefile&quot;  VERBOSE=1 clean"/>
					<DistClean command="/usr/bin/make -f &quot;/home/dellvin/Desktop/iz2-branchForTest\ 2/project/tests/lib/googletest/googletest/Makefile&quot;  VERBOSE=1 clean"/>
				</MakeCommands>
			</Target>
			<Target title="gtest_main">
				<Option output="/home/dellvin/Desktop/iz2-branchForTest 2/lib/libgtest_maind.a" prefix_auto="0" extension_auto="0"/>
				<Option working_dir="/home/dellvin/Desktop/iz2-branchForTest 2/project/tests/lib/googletest/googletest"/>
				<Option object_output="./"/>
				<Option type="2"/>
				<Option compiler="gcc"/>
				<Compiler>
					<Add directory="/home/dellvin/Desktop/iz2-branchForTest 2/project/include"/>
					<Add directory="/home/dellvin/Desktop/iz2-branchForTest 2/project/tests/lib/googletest/googletest/include"/>
					<Add directory="/home/dellvin/Desktop/iz2-branchForTest 2/project/tests/lib/googletest/googletest"/>
				</Compiler>
				<MakeCommands>
					<Build command="/usr/bin/make -f &quot;/home/dellvin/Desktop/iz2-branchForTest\ 2/project/tests/lib/googletest/googletest/Makefile&quot;  VERBOSE=1 gtest_main"/>
					<CompileFile command="/usr/bin/make -f &quot;/home/dellvin/Desktop/iz2-branchForTest\ 2/project/tests/lib/googletest/googletest/Makefile&quot;  VERBOSE=1 &quot;$file&quot;"/>
					<Clean command="/usr/bin/make -f &quot;/home/dellvin/Desktop/iz2-branchForTest\ 2/project/tests/lib/googletest/googletest/Makefile&quot;  VERBOSE=1 clean"/>
					<DistClean command="/usr/bin/make -f &quot;/home/dellvin/Desktop/iz2-branchForTest\ 2/project/tests/lib/googletest/googletest/Makefile&quot;  VERBOSE=1 clean"/>
				</MakeCommands>
			</Target>
			<Target title="gtest_main/fast">
				<Option output="/home/dellvin/Desktop/iz2-branchForTest 2/lib/libgtest_maind.a" prefix_auto="0" extension_auto="0"/>
				<Option working_dir="/home/dellvin/Desktop/iz2-branchForTest 2/project/tests/lib/googletest/googletest"/>
				<Option object_output="./"/>
				<Option type="2"/>
				<Option compiler="gcc"/>
				<Compiler>
					<Add directory="/home/dellvin/Desktop/iz2-branchForTest 2/project/include"/>
					<Add directory="/home/dellvin/Desktop/iz2-branchForTest 2/project/tests/lib/googletest/googletest/include"/>
					<Add directory="/home/dellvin/Desktop/iz2-branchForTest 2/project/tests/lib/googletest/googletest"/>
				</Compiler>
				<MakeCommands>
					<Build command="/usr/bin/make -f &quot;/home/dellvin/Desktop/iz2-branchForTest\ 2/project/tests/lib/googletest/googletest/Makefile&quot;  VERBOSE=1 gtest_main/fast"/>
					<CompileFile command="/usr/bin/make -f &quot;/home/dellvin/Desktop/iz2-branchForTest\ 2/project/tests/lib/googletest/googletest/Makefile&quot;  VERBOSE=1 &quot;$file&quot;"/>
					<Clean command="/usr/bin/make -f &quot;/home/dellvin/Desktop/iz2-branchForTest\ 2/project/tests/lib/googletest/googletest/Makefile&quot;  VERBOSE=1 clean"/>
					<DistClean command="/usr/bin/make -f &quot;/home/dellvin/Desktop/iz2-branchForTest\ 2/project/tests/lib/googletest/googletest/Makefile&quot;  VERBOSE=1 clean"/>
				</MakeCommands>
			</Target>
			<Target title="gtest">
				<Option output="/home/dellvin/Desktop/iz2-branchForTest 2/lib/libgtestd.a" prefix_auto="0" extension_auto="0"/>
				<Option working_dir="/home/dellvin/Desktop/iz2-branchForTest 2/project/tests/lib/googletest/googletest"/>
				<Option object_output="./"/>
				<Option type="2"/>
				<Option compiler="gcc"/>
				<Compiler>
					<Add directory="/home/dellvin/Desktop/iz2-branchForTest 2/project/include"/>
					<Add directory="/home/dellvin/Desktop/iz2-branchForTest 2/project/tests/lib/googletest/googletest/include"/>
					<Add directory="/home/dellvin/Desktop/iz2-branchForTest 2/project/tests/lib/googletest/googletest"/>
				</Compiler>
				<MakeCommands>
					<Build command="/usr/bin/make -f &quot;/home/dellvin/Desktop/iz2-branchForTest\ 2/project/tests/lib/googletest/googletest/Makefile&quot;  VERBOSE=1 gtest"/>
					<CompileFile command="/usr/bin/make -f &quot;/home/dellvin/Desktop/iz2-branchForTest\ 2/project/tests/lib/googletest/googletest/Makefile&quot;  VERBOSE=1 &quot;$file&quot;"/>
					<Clean command="/usr/bin/make -f &quot;/home/dellvin/Desktop/iz2-branchForTest\ 2/project/tests/lib/googletest/googletest/Makefile&quot;  VERBOSE=1 clean"/>
					<DistClean command="/usr/bin/make -f &quot;/home/dellvin/Desktop/iz2-branchForTest\ 2/project/tests/lib/googletest/googletest/Makefile&quot;  VERBOSE=1 clean"/>
				</MakeCommands>
			</Target>
			<Target title="gtest/fast">
				<Option output="/home/dellvin/Desktop/iz2-branchForTest 2/lib/libgtestd.a" prefix_auto="0" extension_auto="0"/>
				<Option working_dir="/home/dellvin/Desktop/iz2-branchForTest 2/project/tests/lib/googletest/googletest"/>
				<Option object_output="./"/>
				<Option type="2"/>
				<Option compiler="gcc"/>
				<Compiler>
					<Add directory="/home/dellvin/Desktop/iz2-branchForTest 2/project/include"/>
					<Add directory="/home/dellvin/Desktop/iz2-branchForTest 2/project/tests/lib/googletest/googletest/include"/>
					<Add directory="/home/dellvin/Desktop/iz2-branchForTest 2/project/tests/lib/googletest/googletest"/>
				</Compiler>
				<MakeCommands>
					<Build command="/usr/bin/make -f &quot;/home/dellvin/Desktop/iz2-branchForTest\ 2/project/tests/lib/googletest/googletest/Makefile&quot;  VERBOSE=1 gtest/fast"/>
					<CompileFile command="/usr/bin/make -f &quot;/home/dellvin/Desktop/iz2-branchForTest\ 2/project/tests/lib/googletest/googletest/Makefile&quot;  VERBOSE=1 &quot;$file&quot;"/>
					<Clean command="/usr/bin/make -f &quot;/home/dellvin/Desktop/iz2-branchForTest\ 2/project/tests/lib/googletest/googletest/Makefile&quot;  VERBOSE=1 clean"/>
					<DistClean command="/usr/bin/make -f &quot;/home/dellvin/Desktop/iz2-branchForTest\ 2/project/tests/lib/googletest/googletest/Makefile&quot;  VERBOSE=1 clean"/>
				</MakeCommands>
			</Target>
		</Build>
		<Unit filename="/home/dellvin/Desktop/iz2-branchForTest 2/project/tests/lib/googletest/googletest/src/gtest-all.cc">
			<Option target="gtest"/>
		</Unit>
		<Unit filename="/home/dellvin/Desktop/iz2-branchForTest 2/project/tests/lib/googletest/googletest/src/gtest_main.cc">
			<Option target="gtest_main"/>
		</Unit>
		<Unit filename="/home/dellvin/Desktop/iz2-branchForTest 2/CMakeLists.txt">
			<Option virtualFolder="CMake Files\"/>
		</Unit>
		<Unit filename="/home/dellvin/Desktop/iz2-branchForTest 2/project/tests/CMakeLists.txt">
			<Option virtualFolder="CMake Files\project\tests\"/>
		</Unit>
		<Unit filename="/home/dellvin/Desktop/iz2-branchForTest 2/project/tests/lib/googletest/CMakeLists.txt">
			<Option virtualFolder="CMake Files\project\tests\lib\googletest\"/>
		</Unit>
		<Unit filename="/home/dellvin/Desktop/iz2-branchForTest 2/project/tests/lib/googletest/googlemock/CMakeLists.txt">
			<Option virtualFolder="CMake Files\project\tests\lib\googletest\googlemock\"/>
		</Unit>
		<Unit filename="/home/dellvin/Desktop/iz2-branchForTest 2/project/tests/lib/googletest/googlemock/cmake/gmock.pc.in">
			<Option virtualFolder="CMake Files\project\tests\lib\googletest\googlemock\cmake\"/>
		</Unit>
		<Unit filename="/home/dellvin/Desktop/iz2-branchForTest 2/project/tests/lib/googletest/googlemock/cmake/gmock_main.pc.in">
			<Option virtualFolder="CMake Files\project\tests\lib\googletest\googlemock\cmake\"/>
		</Unit>
		<Unit filename="/home/dellvin/Desktop/iz2-branchForTest 2/project/tests/lib/googletest/googletest/CMakeLists.txt">
			<Option virtualFolder="CMake Files\project\tests\lib\googletest\googletest\"/>
		</Unit>
		<Unit filename="/home/dellvin/Desktop/iz2-branchForTest 2/project/tests/lib/googletest/googletest/cmake/Config.cmake.in">
			<Option virtualFolder="CMake Files\project\tests\lib\googletest\googletest\cmake\"/>
		</Unit>
		<Unit filename="/home/dellvin/Desktop/iz2-branchForTest 2/project/tests/lib/googletest/googletest/cmake/gtest.pc.in">
			<Option virtualFolder="CMake Files\project\tests\lib\googletest\googletest\cmake\"/>
		</Unit>
		<Unit filename="/home/dellvin/Desktop/iz2-branchForTest 2/project/tests/lib/googletest/googletest/cmake/gtest_main.pc.in">
			<Option virtualFolder="CMake Files\project\tests\lib\googletest\googletest\cmake\"/>
		</Unit>
		<Unit filename="/home/dellvin/Desktop/iz2-branchForTest 2/project/tests/lib/googletest/googletest/cmake/internal_utils.cmake">
			<Option virtualFolder="CMake Files\project\tests\lib\googletest\googletest\cmake\"/>
		</Unit>
	</Project>
</CodeBlocks_project_file>
